{
  "requires": true,
  "lockfileVersion": 1,
  "dependencies": {
    "jeet": {
      "version": "7.2.0",
      "resolved": "https://registry.npmjs.org/jeet/-/jeet-7.2.0.tgz",
      "integrity": "sha512-TcUBVeb/PlBmiZRgqx/rHewXkyhnBzRANjPi99frE7FQcbXvnzH74IelKhdPlP94eBh/rI0T67B04yGaldWzTw==",
      "dev": true
    }
  }
}
